
Microsoft Visual Studio Solution File, Format Version 12.00
# Visual Studio Version 17
VisualStudioVersion = 17.3.32811.315
MinimumVisualStudioVersion = 10.0.40219.1
Project("{FAE04EC0-301F-11D3-BF4B-00C04F79EFBC}") = "IT391_Unit1_Assignment", "IT391_Unit1_Assignment.csproj", "{093D2CAA-28C9-4598-A290-6E4B6D47E3E0}"
EndProject
Global
	GlobalSection(SolutionConfigurationPlatforms) = preSolution
		Debug|Any CPU = Debug|Any CPU
		Release|Any CPU = Release|Any CPU
	EndGlobalSection
	GlobalSection(ProjectConfigurationPlatforms) = postSolution
		{093D2CAA-28C9-4598-A290-6E4B6D47E3E0}.Debug|Any CPU.ActiveCfg = Debug|Any CPU
		{093D2CAA-28C9-4598-A290-6E4B6D47E3E0}.Debug|Any CPU.Build.0 = Debug|Any CPU
		{093D2CAA-28C9-4598-A290-6E4B6D47E3E0}.Release|Any CPU.ActiveCfg = Release|Any CPU
		{093D2CAA-28C9-4598-A290-6E4B6D47E3E0}.Release|Any CPU.Build.0 = Release|Any CPU
	EndGlobalSection
	GlobalSection(SolutionProperties) = preSolution
		HideSolutionNode = FALSE
	EndGlobalSection
	GlobalSection(ExtensibilityGlobals) = postSolution
		SolutionGuid = {F3ABA3FE-4615-4C6B-8573-E13C84DF2A8A}
	EndGlobalSection
EndGlobal
